
Microsoft Visual Studio Solution File, Format Version 12.00
# Visual Studio Version 17
VisualStudioVersion = 17.14.36310.24 d17.14
MinimumVisualStudioVersion = 10.0.40219.1
Project("{FAE04EC0-301F-11D3-BF4B-00C04F79EFBC}") = "OrderMicroservice", "OrderMicroservice.csproj", "{AC470896-9E63-4BC9-99D7-71A636DD28DD}"
EndProject
Global
	GlobalSection(SolutionConfigurationPlatforms) = preSolution
		Debug|Any CPU = Debug|Any CPU
		Release|Any CPU = Release|Any CPU
	EndGlobalSection
	GlobalSection(ProjectConfigurationPlatforms) = postSolution
		{AC470896-9E63-4BC9-99D7-71A636DD28DD}.Debug|Any CPU.ActiveCfg = Debug|Any CPU
		{AC470896-9E63-4BC9-99D7-71A636DD28DD}.Debug|Any CPU.Build.0 = Debug|Any CPU
		{AC470896-9E63-4BC9-99D7-71A636DD28DD}.Release|Any CPU.ActiveCfg = Release|Any CPU
		{AC470896-9E63-4BC9-99D7-71A636DD28DD}.Release|Any CPU.Build.0 = Release|Any CPU
	EndGlobalSection
	GlobalSection(SolutionProperties) = preSolution
		HideSolutionNode = FALSE
	EndGlobalSection
	GlobalSection(ExtensibilityGlobals) = postSolution
		SolutionGuid = {10BED448-BAC8-41E4-B312-6DD6B71C2DBC}
	EndGlobalSection
EndGlobal
